// !$*UTF8*$!
{
	archiveVersion = 1;
	classes = {
	};
	objectVersion = 56;
	objects = {

/* Begin PBXBuildFile section */
		031D2CB3DFA88DDACD4E779A /* Realm.framework in Embed Frameworks */ = {isa = PBXBuildFile; fileRef = 587C9F1DA59D03C10EB69B5B /* Realm.framework */; settings = {ATTRIBUTES = (CodeSignOnCopy, RemoveHeadersOnCopy, ); }; };
		0479594ACF2C8D59A4511E13 /* Alamofire.framework in Frameworks */ = {isa = PBXBuildFile; fileRef = EB5106DC188DA7C9D229C3D3 /* Alamofire.framework */; };
		106ADACCC9324CA41769EBF5 /* LaunchScreen.storyboard in Resources */ = {isa = PBXBuildFile; fileRef = F9524CD1E451F15BF194D640 /* LaunchScreen.storyboard */; };
		10838F95E09E5F5D88BD3F37 /* TuistAssets+Palette.swift in Sources */ = {isa = PBXBuildFile; fileRef = 62C7735001333F113FE84F50 /* TuistAssets+Palette.swift */; };
		16962BD6A9DC210F454F10E4 /* Kingfisher.framework in Frameworks */ = {isa = PBXBuildFile; fileRef = E7AD686963BE4E30BDE66B1B /* Kingfisher.framework */; };
		27838896F28D95D20948E557 /* RiveRuntime.xcframework in Embed Frameworks */ = {isa = PBXBuildFile; fileRef = A606AF9B09F9EE261BF222E5 /* RiveRuntime.xcframework */; settings = {ATTRIBUTES = (CodeSignOnCopy, RemoveHeadersOnCopy, ); }; };
		28EAF0407EA1A1E8A9B20D0C /* Pretendard-SemiBold.otf in Resources */ = {isa = PBXBuildFile; fileRef = 8257537EC3DF22AD1842794D /* Pretendard-SemiBold.otf */; };
		2A50D52635402692F01C274B /* SocketIO.framework in Frameworks */ = {isa = PBXBuildFile; fileRef = 2E4B6A7753DA1D6F43B335E7 /* SocketIO.framework */; };
		3BB6F343D1C0FEAC3F0239E0 /* NewModel.swift in Sources */ = {isa = PBXBuildFile; fileRef = 66BBA23BC11C0EBE5F4FDD12 /* NewModel.swift */; };
		415F32CD56BABB488CA1D943 /* Pretendard-ExtraBold.otf in Resources */ = {isa = PBXBuildFile; fileRef = 043CCBBBF93DBED8E0B46E67 /* Pretendard-ExtraBold.otf */; };
		4BF69C9DA454062FF3FFD5A2 /* Pretendard-ExtraLight.otf in Resources */ = {isa = PBXBuildFile; fileRef = DF135030A382DDAB397470C4 /* Pretendard-ExtraLight.otf */; };
		655A4685F2C4FC6BE400C0A9 /* Pretendard-Black.otf in Resources */ = {isa = PBXBuildFile; fileRef = 3D795713DE83ABF795F6B5DC /* Pretendard-Black.otf */; };
		69D8CE69B74FAE9B27134550 /* TuistFonts+Palette.swift in Sources */ = {isa = PBXBuildFile; fileRef = B4AC8A20555E5CE546A88508 /* TuistFonts+Palette.swift */; };
		724AF52A156BC397AFEB9E24 /* Pretendard-Bold.otf in Resources */ = {isa = PBXBuildFile; fileRef = 7A0FDD755A2E9BD844F824C8 /* Pretendard-Bold.otf */; };
		8FBE568FC11D9CA2E277D58C /* TuistBundle+Palette.swift in Sources */ = {isa = PBXBuildFile; fileRef = 0E565D33C5230B6B9830B7C5 /* TuistBundle+Palette.swift */; };
		9A279140AC6672C664D875D1 /* RiveRuntime.xcframework in Frameworks */ = {isa = PBXBuildFile; fileRef = A606AF9B09F9EE261BF222E5 /* RiveRuntime.xcframework */; };
		A21FF7776B374DD4EBE1ECFD /* Pretendard-Medium.otf in Resources */ = {isa = PBXBuildFile; fileRef = 8E8013365CE2B12B6FFE3929 /* Pretendard-Medium.otf */; };
		A4E807318F143F59D8365BC3 /* PaletteIosAppTests.swift in Sources */ = {isa = PBXBuildFile; fileRef = 0744F4D931917CEE81F9A641 /* PaletteIosAppTests.swift */; };
		A661ECD926E30FE451E5FA73 /* Pretendard-Regular.otf in Resources */ = {isa = PBXBuildFile; fileRef = 32037D35E97320926AC97F89 /* Pretendard-Regular.otf */; };
		A893430CE3C2EE9D00C55696 /* Realm.framework in Frameworks */ = {isa = PBXBuildFile; fileRef = 587C9F1DA59D03C10EB69B5B /* Realm.framework */; };
		A8E994FD26C66730438E7E0E /* Kingfisher_Kingfisher.bundle in Resources */ = {isa = PBXBuildFile; fileRef = 9B4977CA25AE9A9B766603AC /* Kingfisher_Kingfisher.bundle */; };
		A9DB8056BFFE69C12A823DA8 /* Alamofire.framework in Embed Frameworks */ = {isa = PBXBuildFile; fileRef = EB5106DC188DA7C9D229C3D3 /* Alamofire.framework */; settings = {ATTRIBUTES = (CodeSignOnCopy, RemoveHeadersOnCopy, ); }; };
		B197E305EC933E55CE117CF5 /* Pretendard-Light.otf in Resources */ = {isa = PBXBuildFile; fileRef = 501E593276C8C6A398C8A5DF /* Pretendard-Light.otf */; };
		D084CFA93592E4F360289990 /* Kingfisher_Kingfisher.bundle in Dependencies */ = {isa = PBXBuildFile; fileRef = 9B4977CA25AE9A9B766603AC /* Kingfisher_Kingfisher.bundle */; };
		D621F5816D849A7DB0B6495A /* Preview Assets.xcassets in Resources */ = {isa = PBXBuildFile; fileRef = B33A8439A194CB8AB029FFD6 /* Preview Assets.xcassets */; };
		D648116CED8EBEC2A588627B /* Assets.xcassets in Resources */ = {isa = PBXBuildFile; fileRef = 7DC2A5A0806A243D3D1086B9 /* Assets.xcassets */; };
		DB02A774FD162A674D53A404 /* PaletteIosAppApp.swift in Sources */ = {isa = PBXBuildFile; fileRef = 1F3E82E212D4715A9F1C0753 /* PaletteIosAppApp.swift */; };
		DC48364FE196098EC69CF710 /* OnBoardingView.swift in Sources */ = {isa = PBXBuildFile; fileRef = D55323156070530C6A85B65E /* OnBoardingView.swift */; };
		DD3A88459B2E9049381DA08F /* FlowKit.framework in Frameworks */ = {isa = PBXBuildFile; fileRef = 724ADDEC3BBED0E7ABF90564 /* FlowKit.framework */; };
		E0C155665DF9392B97222428 /* Pretendard-Thin.otf in Resources */ = {isa = PBXBuildFile; fileRef = EE6F9F7E42AEBFB15C2284CF /* Pretendard-Thin.otf */; };
		E256DC43F88774EBCE3E6344 /* Starscream.framework in Frameworks */ = {isa = PBXBuildFile; fileRef = 8BF31C5E54C413E8E52EFDB3 /* Starscream.framework */; };
/* End PBXBuildFile section */

/* Begin PBXContainerItemProxy section */
		D9BDC3CB06C378D3E5FC5644 /* PBXContainerItemProxy */ = {
			isa = PBXContainerItemProxy;
			containerPortal = F630E7FDF972E3F482ABC0C1 /* Project object */;
			proxyType = 1;
			remoteGlobalIDString = 0E68939C326F19E52B74101A;
			remoteInfo = Palette;
		};
/* End PBXContainerItemProxy section */

/* Begin PBXCopyFilesBuildPhase section */
		22A15F33E6684E1924AA3522 /* Embed Frameworks */ = {
			isa = PBXCopyFilesBuildPhase;
			buildActionMask = 2147483647;
			dstPath = "";
			dstSubfolderSpec = 10;
			files = (
			);
			name = "Embed Frameworks";
			runOnlyForDeploymentPostprocessing = 0;
		};
		2B0959F386F5D69C69417082 /* Dependencies */ = {
			isa = PBXCopyFilesBuildPhase;
			buildActionMask = 8;
			dstSubfolderSpec = 16;
			files = (
				D084CFA93592E4F360289990 /* Kingfisher_Kingfisher.bundle in Dependencies */,
			);
			name = Dependencies;
			runOnlyForDeploymentPostprocessing = 1;
		};
		9F5C2BDAE33031C8F0A89B5F /* Embed Frameworks */ = {
			isa = PBXCopyFilesBuildPhase;
			buildActionMask = 2147483647;
			dstPath = "";
			dstSubfolderSpec = 10;
			files = (
				A9DB8056BFFE69C12A823DA8 /* Alamofire.framework in Embed Frameworks */,
				031D2CB3DFA88DDACD4E779A /* Realm.framework in Embed Frameworks */,
				27838896F28D95D20948E557 /* RiveRuntime.xcframework in Embed Frameworks */,
			);
			name = "Embed Frameworks";
			runOnlyForDeploymentPostprocessing = 0;
		};
/* End PBXCopyFilesBuildPhase section */

/* Begin PBXFileReference section */
		043CCBBBF93DBED8E0B46E67 /* Pretendard-ExtraBold.otf */ = {isa = PBXFileReference; lastKnownFileType = file; path = "Pretendard-ExtraBold.otf"; sourceTree = "<group>"; };
		0744F4D931917CEE81F9A641 /* PaletteIosAppTests.swift */ = {isa = PBXFileReference; lastKnownFileType = sourcecode.swift; path = PaletteIosAppTests.swift; sourceTree = "<group>"; };
		0E565D33C5230B6B9830B7C5 /* TuistBundle+Palette.swift */ = {isa = PBXFileReference; lastKnownFileType = sourcecode.swift; path = "TuistBundle+Palette.swift"; sourceTree = "<group>"; };
		1F3E82E212D4715A9F1C0753 /* PaletteIosAppApp.swift */ = {isa = PBXFileReference; lastKnownFileType = sourcecode.swift; path = PaletteIosAppApp.swift; sourceTree = "<group>"; };
		2E4B6A7753DA1D6F43B335E7 /* SocketIO.framework */ = {isa = PBXFileReference; explicitFileType = wrapper.framework; includeInIndex = 0; path = SocketIO.framework; sourceTree = BUILT_PRODUCTS_DIR; };
		32037D35E97320926AC97F89 /* Pretendard-Regular.otf */ = {isa = PBXFileReference; lastKnownFileType = file; path = "Pretendard-Regular.otf"; sourceTree = "<group>"; };
		385162BB7C5E6F053BB482DC /* PaletteIosAppTests.xctest */ = {isa = PBXFileReference; explicitFileType = wrapper.cfbundle; includeInIndex = 0; path = PaletteIosAppTests.xctest; sourceTree = BUILT_PRODUCTS_DIR; };
		3AEA0075E1B011D5429CFE31 /* Palette.app */ = {isa = PBXFileReference; explicitFileType = wrapper.application; includeInIndex = 0; path = Palette.app; sourceTree = BUILT_PRODUCTS_DIR; };
		3D795713DE83ABF795F6B5DC /* Pretendard-Black.otf */ = {isa = PBXFileReference; lastKnownFileType = file; path = "Pretendard-Black.otf"; sourceTree = "<group>"; };
		501E593276C8C6A398C8A5DF /* Pretendard-Light.otf */ = {isa = PBXFileReference; lastKnownFileType = file; path = "Pretendard-Light.otf"; sourceTree = "<group>"; };
		587C9F1DA59D03C10EB69B5B /* Realm.framework */ = {isa = PBXFileReference; explicitFileType = wrapper.framework; includeInIndex = 0; path = Realm.framework; sourceTree = BUILT_PRODUCTS_DIR; };
		62C7735001333F113FE84F50 /* TuistAssets+Palette.swift */ = {isa = PBXFileReference; lastKnownFileType = sourcecode.swift; path = "TuistAssets+Palette.swift"; sourceTree = "<group>"; };
		66BBA23BC11C0EBE5F4FDD12 /* NewModel.swift */ = {isa = PBXFileReference; lastKnownFileType = sourcecode.swift; path = NewModel.swift; sourceTree = "<group>"; };
		724ADDEC3BBED0E7ABF90564 /* FlowKit.framework */ = {isa = PBXFileReference; explicitFileType = wrapper.framework; includeInIndex = 0; path = FlowKit.framework; sourceTree = BUILT_PRODUCTS_DIR; };
		7A0FDD755A2E9BD844F824C8 /* Pretendard-Bold.otf */ = {isa = PBXFileReference; lastKnownFileType = file; path = "Pretendard-Bold.otf"; sourceTree = "<group>"; };
		7DC2A5A0806A243D3D1086B9 /* Assets.xcassets */ = {isa = PBXFileReference; lastKnownFileType = folder.assetcatalog; path = Assets.xcassets; sourceTree = "<group>"; };
		8257537EC3DF22AD1842794D /* Pretendard-SemiBold.otf */ = {isa = PBXFileReference; lastKnownFileType = file; path = "Pretendard-SemiBold.otf"; sourceTree = "<group>"; };
		8BF31C5E54C413E8E52EFDB3 /* Starscream.framework */ = {isa = PBXFileReference; explicitFileType = wrapper.framework; includeInIndex = 0; path = Starscream.framework; sourceTree = BUILT_PRODUCTS_DIR; };
		8E8013365CE2B12B6FFE3929 /* Pretendard-Medium.otf */ = {isa = PBXFileReference; lastKnownFileType = file; path = "Pretendard-Medium.otf"; sourceTree = "<group>"; };
		9B4977CA25AE9A9B766603AC /* Kingfisher_Kingfisher.bundle */ = {isa = PBXFileReference; explicitFileType = wrapper.cfbundle; includeInIndex = 0; path = Kingfisher_Kingfisher.bundle; sourceTree = BUILT_PRODUCTS_DIR; };
		A606AF9B09F9EE261BF222E5 /* RiveRuntime.xcframework */ = {isa = PBXFileReference; lastKnownFileType = wrapper.xcframework; path = RiveRuntime.xcframework; sourceTree = "<group>"; };
		B33A8439A194CB8AB029FFD6 /* Preview Assets.xcassets */ = {isa = PBXFileReference; lastKnownFileType = folder.assetcatalog; path = "Preview Assets.xcassets"; sourceTree = "<group>"; };
		B4AC8A20555E5CE546A88508 /* TuistFonts+Palette.swift */ = {isa = PBXFileReference; lastKnownFileType = sourcecode.swift; path = "TuistFonts+Palette.swift"; sourceTree = "<group>"; };
		B68201C23F704017D76ABF09 /* PaletteIosAppTests-Info.plist */ = {isa = PBXFileReference; lastKnownFileType = text.plist; path = "PaletteIosAppTests-Info.plist"; sourceTree = "<group>"; };
		BDA16C8EDF4A7FB918B5A5AC /* Palette-Info.plist */ = {isa = PBXFileReference; lastKnownFileType = text.plist; path = "Palette-Info.plist"; sourceTree = "<group>"; };
		D55323156070530C6A85B65E /* OnBoardingView.swift */ = {isa = PBXFileReference; lastKnownFileType = sourcecode.swift; path = OnBoardingView.swift; sourceTree = "<group>"; };
		DF135030A382DDAB397470C4 /* Pretendard-ExtraLight.otf */ = {isa = PBXFileReference; lastKnownFileType = file; path = "Pretendard-ExtraLight.otf"; sourceTree = "<group>"; };
		E7AD686963BE4E30BDE66B1B /* Kingfisher.framework */ = {isa = PBXFileReference; explicitFileType = wrapper.framework; includeInIndex = 0; path = Kingfisher.framework; sourceTree = BUILT_PRODUCTS_DIR; };
		EB5106DC188DA7C9D229C3D3 /* Alamofire.framework */ = {isa = PBXFileReference; explicitFileType = wrapper.framework; includeInIndex = 0; path = Alamofire.framework; sourceTree = BUILT_PRODUCTS_DIR; };
		EE6F9F7E42AEBFB15C2284CF /* Pretendard-Thin.otf */ = {isa = PBXFileReference; lastKnownFileType = file; path = "Pretendard-Thin.otf"; sourceTree = "<group>"; };
		F9524CD1E451F15BF194D640 /* LaunchScreen.storyboard */ = {isa = PBXFileReference; lastKnownFileType = file.storyboard; path = LaunchScreen.storyboard; sourceTree = "<group>"; };
/* End PBXFileReference section */

/* Begin PBXFrameworksBuildPhase section */
		AEE92CB9F07C6749247864CB /* Frameworks */ = {
			isa = PBXFrameworksBuildPhase;
			buildActionMask = 2147483647;
			files = (
			);
			runOnlyForDeploymentPostprocessing = 0;
		};
		FB294BDBCE9A9197591C99B3 /* Frameworks */ = {
			isa = PBXFrameworksBuildPhase;
			buildActionMask = 2147483647;
			files = (
				0479594ACF2C8D59A4511E13 /* Alamofire.framework in Frameworks */,
				DD3A88459B2E9049381DA08F /* FlowKit.framework in Frameworks */,
				16962BD6A9DC210F454F10E4 /* Kingfisher.framework in Frameworks */,
				A893430CE3C2EE9D00C55696 /* Realm.framework in Frameworks */,
				2A50D52635402692F01C274B /* SocketIO.framework in Frameworks */,
				E256DC43F88774EBCE3E6344 /* Starscream.framework in Frameworks */,
				9A279140AC6672C664D875D1 /* RiveRuntime.xcframework in Frameworks */,
			);
			runOnlyForDeploymentPostprocessing = 0;
		};
/* End PBXFrameworksBuildPhase section */

/* Begin PBXGroup section */
		0E0AC073BA9E9221CD605B8D /* .build */ = {
			isa = PBXGroup;
			children = (
				8EB15139320B6A1E8E82F493 /* artifacts */,
			);
			path = .build;
			sourceTree = "<group>";
		};
		1603212CCCE23B12716B0969 /* Tuist */ = {
			isa = PBXGroup;
			children = (
				0E0AC073BA9E9221CD605B8D /* .build */,
			);
			path = Tuist;
			sourceTree = "<group>";
		};
		186D420C26B025CCC1A49A3E /* Sources */ = {
			isa = PBXGroup;
			children = (
				62C7735001333F113FE84F50 /* TuistAssets+Palette.swift */,
				0E565D33C5230B6B9830B7C5 /* TuistBundle+Palette.swift */,
				B4AC8A20555E5CE546A88508 /* TuistFonts+Palette.swift */,
			);
			path = Sources;
			sourceTree = "<group>";
		};
		34DB67B67799CFD5554BE8D3 /* Products */ = {
			isa = PBXGroup;
			children = (
				EB5106DC188DA7C9D229C3D3 /* Alamofire.framework */,
				724ADDEC3BBED0E7ABF90564 /* FlowKit.framework */,
				9B4977CA25AE9A9B766603AC /* Kingfisher_Kingfisher.bundle */,
				E7AD686963BE4E30BDE66B1B /* Kingfisher.framework */,
				3AEA0075E1B011D5429CFE31 /* Palette.app */,
				385162BB7C5E6F053BB482DC /* PaletteIosAppTests.xctest */,
				587C9F1DA59D03C10EB69B5B /* Realm.framework */,
				2E4B6A7753DA1D6F43B335E7 /* SocketIO.framework */,
				8BF31C5E54C413E8E52EFDB3 /* Starscream.framework */,
			);
			name = Products;
			sourceTree = "<group>";
		};
		3853C7B666DDE14E4D7BA1D6 /* Palette */ = {
			isa = PBXGroup;
			children = (
				E4586D65472CD0A9D22BA01E /* Resources */,
				3CFB7414B5C1EAE0EE6BC7DB /* Sources */,
				F8C4A17265DBDAFE0FE68FF5 /* Tests */,
			);
			path = Palette;
			sourceTree = "<group>";
		};
		3940DF19D51F6ED7857D4582 /* View */ = {
			isa = PBXGroup;
			children = (
				80C9050EA471D55EC0333C8B /* onBoarding */,
			);
			path = View;
			sourceTree = "<group>";
		};
		3CFB7414B5C1EAE0EE6BC7DB /* Sources */ = {
			isa = PBXGroup;
			children = (
				A6CBEBBD952536F472C5A707 /* Model */,
				3940DF19D51F6ED7857D4582 /* View */,
				1F3E82E212D4715A9F1C0753 /* PaletteIosAppApp.swift */,
			);
			path = Sources;
			sourceTree = "<group>";
		};
		45A3DCD517DF82840472AB0E /* Fonts */ = {
			isa = PBXGroup;
			children = (
				3D795713DE83ABF795F6B5DC /* Pretendard-Black.otf */,
				7A0FDD755A2E9BD844F824C8 /* Pretendard-Bold.otf */,
				043CCBBBF93DBED8E0B46E67 /* Pretendard-ExtraBold.otf */,
				DF135030A382DDAB397470C4 /* Pretendard-ExtraLight.otf */,
				501E593276C8C6A398C8A5DF /* Pretendard-Light.otf */,
				8E8013365CE2B12B6FFE3929 /* Pretendard-Medium.otf */,
				32037D35E97320926AC97F89 /* Pretendard-Regular.otf */,
				8257537EC3DF22AD1842794D /* Pretendard-SemiBold.otf */,
				EE6F9F7E42AEBFB15C2284CF /* Pretendard-Thin.otf */,
			);
			path = Fonts;
			sourceTree = "<group>";
		};
		67D151B7DE7A82F609301E3B = {
			isa = PBXGroup;
			children = (
				AFD5AC7D9E0C899A0D40805D /* Project */,
				34DB67B67799CFD5554BE8D3 /* Products */,
			);
			sourceTree = "<group>";
		};
		80C9050EA471D55EC0333C8B /* onBoarding */ = {
			isa = PBXGroup;
			children = (
				D55323156070530C6A85B65E /* OnBoardingView.swift */,
			);
			path = onBoarding;
			sourceTree = "<group>";
		};
		8EB15139320B6A1E8E82F493 /* artifacts */ = {
			isa = PBXGroup;
			children = (
				A417997617CDB9096D03D53F /* rive-ios */,
			);
			path = artifacts;
			sourceTree = "<group>";
		};
		A417997617CDB9096D03D53F /* rive-ios */ = {
			isa = PBXGroup;
			children = (
				CC4D2FD14CEF5C6BC88EF8B4 /* RiveRuntime */,
			);
			path = "rive-ios";
			sourceTree = "<group>";
		};
		A6CBEBBD952536F472C5A707 /* Model */ = {
			isa = PBXGroup;
			children = (
				66BBA23BC11C0EBE5F4FDD12 /* NewModel.swift */,
			);
			path = Model;
			sourceTree = "<group>";
		};
		AFD5AC7D9E0C899A0D40805D /* Project */ = {
			isa = PBXGroup;
			children = (
				D85B1D3323539DEC1FF709C5 /* Derived */,
				3853C7B666DDE14E4D7BA1D6 /* Palette */,
				1603212CCCE23B12716B0969 /* Tuist */,
			);
			name = Project;
			sourceTree = "<group>";
		};
		CC4D2FD14CEF5C6BC88EF8B4 /* RiveRuntime */ = {
			isa = PBXGroup;
			children = (
				A606AF9B09F9EE261BF222E5 /* RiveRuntime.xcframework */,
			);
			path = RiveRuntime;
			sourceTree = "<group>";
		};
		D85B1D3323539DEC1FF709C5 /* Derived */ = {
			isa = PBXGroup;
			children = (
				E5E9F1D20E05D667CF6CCC75 /* InfoPlists */,
				186D420C26B025CCC1A49A3E /* Sources */,
			);
			path = Derived;
			sourceTree = "<group>";
		};
		E1E3547817EB60A1F1D49CA2 /* Preview Content */ = {
			isa = PBXGroup;
			children = (
				B33A8439A194CB8AB029FFD6 /* Preview Assets.xcassets */,
			);
			path = "Preview Content";
			sourceTree = "<group>";
		};
		E4586D65472CD0A9D22BA01E /* Resources */ = {
			isa = PBXGroup;
			children = (
				45A3DCD517DF82840472AB0E /* Fonts */,
				E1E3547817EB60A1F1D49CA2 /* Preview Content */,
				7DC2A5A0806A243D3D1086B9 /* Assets.xcassets */,
				F9524CD1E451F15BF194D640 /* LaunchScreen.storyboard */,
			);
			path = Resources;
			sourceTree = "<group>";
		};
		E5E9F1D20E05D667CF6CCC75 /* InfoPlists */ = {
			isa = PBXGroup;
			children = (
				BDA16C8EDF4A7FB918B5A5AC /* Palette-Info.plist */,
				B68201C23F704017D76ABF09 /* PaletteIosAppTests-Info.plist */,
			);
			path = InfoPlists;
			sourceTree = "<group>";
		};
		F8C4A17265DBDAFE0FE68FF5 /* Tests */ = {
			isa = PBXGroup;
			children = (
				0744F4D931917CEE81F9A641 /* PaletteIosAppTests.swift */,
			);
			path = Tests;
			sourceTree = "<group>";
		};
/* End PBXGroup section */

/* Begin PBXNativeTarget section */
		0E68939C326F19E52B74101A /* Palette */ = {
			isa = PBXNativeTarget;
			buildConfigurationList = A3D5AC5051764D4B2B6ACB99 /* Build configuration list for PBXNativeTarget "Palette" */;
			buildPhases = (
				0D37653FEC9F00E214EB3BED /* Sources */,
				F791731B33A4AECB7B92D667 /* Resources */,
				9F5C2BDAE33031C8F0A89B5F /* Embed Frameworks */,
				FB294BDBCE9A9197591C99B3 /* Frameworks */,
				2B0959F386F5D69C69417082 /* Dependencies */,
			);
			buildRules = (
			);
			dependencies = (
			);
			name = Palette;
			productName = Palette;
			productReference = 3AEA0075E1B011D5429CFE31 /* Palette.app */;
			productType = "com.apple.product-type.application";
		};
		43B0EF72C8E47F514F889C87 /* PaletteIosAppTests */ = {
			isa = PBXNativeTarget;
			buildConfigurationList = 1B793E3CFB462066E136F902 /* Build configuration list for PBXNativeTarget "PaletteIosAppTests" */;
			buildPhases = (
				5CEBD3FCBBE00C5F1FFB3D7D /* Sources */,
				318F7C69213AAAF78E430616 /* Resources */,
				22A15F33E6684E1924AA3522 /* Embed Frameworks */,
				AEE92CB9F07C6749247864CB /* Frameworks */,
			);
			buildRules = (
			);
			dependencies = (
				7FE01BB1AF860819956DB3B3 /* PBXTargetDependency */,
			);
			name = PaletteIosAppTests;
			productName = PaletteIosAppTests;
			productReference = 385162BB7C5E6F053BB482DC /* PaletteIosAppTests.xctest */;
			productType = "com.apple.product-type.bundle.unit-test";
		};
/* End PBXNativeTarget section */

/* Begin PBXProject section */
		F630E7FDF972E3F482ABC0C1 /* Project object */ = {
			isa = PBXProject;
			attributes = {
				BuildIndependentTargetsInParallel = YES;
				TargetAttributes = {
					43B0EF72C8E47F514F889C87 = {
						TestTargetID = 0E68939C326F19E52B74101A;
					};
				};
			};
			buildConfigurationList = 662FB463C984E4A75C12092A /* Build configuration list for PBXProject "Palette" */;
			compatibilityVersion = "Xcode 14.0";
			developmentRegion = en;
			hasScannedForEncodings = 0;
			knownRegions = (
				Base,
				en,
			);
			mainGroup = 67D151B7DE7A82F609301E3B;
			productRefGroup = 34DB67B67799CFD5554BE8D3 /* Products */;
			projectDirPath = "";
			projectRoot = "";
			targets = (
				0E68939C326F19E52B74101A /* Palette */,
				43B0EF72C8E47F514F889C87 /* PaletteIosAppTests */,
			);
		};
/* End PBXProject section */

/* Begin PBXResourcesBuildPhase section */
		318F7C69213AAAF78E430616 /* Resources */ = {
			isa = PBXResourcesBuildPhase;
			buildActionMask = 2147483647;
			files = (
			);
			runOnlyForDeploymentPostprocessing = 0;
		};
		F791731B33A4AECB7B92D667 /* Resources */ = {
			isa = PBXResourcesBuildPhase;
			buildActionMask = 2147483647;
			files = (
				D648116CED8EBEC2A588627B /* Assets.xcassets in Resources */,
				655A4685F2C4FC6BE400C0A9 /* Pretendard-Black.otf in Resources */,
				724AF52A156BC397AFEB9E24 /* Pretendard-Bold.otf in Resources */,
				415F32CD56BABB488CA1D943 /* Pretendard-ExtraBold.otf in Resources */,
				4BF69C9DA454062FF3FFD5A2 /* Pretendard-ExtraLight.otf in Resources */,
				B197E305EC933E55CE117CF5 /* Pretendard-Light.otf in Resources */,
				A21FF7776B374DD4EBE1ECFD /* Pretendard-Medium.otf in Resources */,
				A661ECD926E30FE451E5FA73 /* Pretendard-Regular.otf in Resources */,
				28EAF0407EA1A1E8A9B20D0C /* Pretendard-SemiBold.otf in Resources */,
				E0C155665DF9392B97222428 /* Pretendard-Thin.otf in Resources */,
				106ADACCC9324CA41769EBF5 /* LaunchScreen.storyboard in Resources */,
				D621F5816D849A7DB0B6495A /* Preview Assets.xcassets in Resources */,
				A8E994FD26C66730438E7E0E /* Kingfisher_Kingfisher.bundle in Resources */,
			);
			runOnlyForDeploymentPostprocessing = 0;
		};
/* End PBXResourcesBuildPhase section */

/* Begin PBXSourcesBuildPhase section */
		0D37653FEC9F00E214EB3BED /* Sources */ = {
			isa = PBXSourcesBuildPhase;
			buildActionMask = 2147483647;
			files = (
				10838F95E09E5F5D88BD3F37 /* TuistAssets+Palette.swift in Sources */,
				8FBE568FC11D9CA2E277D58C /* TuistBundle+Palette.swift in Sources */,
				69D8CE69B74FAE9B27134550 /* TuistFonts+Palette.swift in Sources */,
				3BB6F343D1C0FEAC3F0239E0 /* NewModel.swift in Sources */,
				DB02A774FD162A674D53A404 /* PaletteIosAppApp.swift in Sources */,
				DC48364FE196098EC69CF710 /* OnBoardingView.swift in Sources */,
			);
			runOnlyForDeploymentPostprocessing = 0;
		};
		5CEBD3FCBBE00C5F1FFB3D7D /* Sources */ = {
			isa = PBXSourcesBuildPhase;
			buildActionMask = 2147483647;
			files = (
				A4E807318F143F59D8365BC3 /* PaletteIosAppTests.swift in Sources */,
			);
			runOnlyForDeploymentPostprocessing = 0;
		};
/* End PBXSourcesBuildPhase section */

/* Begin PBXTargetDependency section */
		7FE01BB1AF860819956DB3B3 /* PBXTargetDependency */ = {
			isa = PBXTargetDependency;
			name = Palette;
			target = 0E68939C326F19E52B74101A /* Palette */;
			targetProxy = D9BDC3CB06C378D3E5FC5644 /* PBXContainerItemProxy */;
		};
/* End PBXTargetDependency section */

/* Begin XCBuildConfiguration section */
		403F37ED4B68A17461EDEE07 /* Release */ = {
			isa = XCBuildConfiguration;
			buildSettings = {
				ASSETCATALOG_COMPILER_APPICON_NAME = AppIcon;
				CODE_SIGN_IDENTITY = "iPhone Developer";
				DEVELOPMENT_TEAM = C7WGT68KHJ;
				ENABLE_PREVIEWS = YES;
				FRAMEWORK_SEARCH_PATHS = (
					"$(inherited)",
					"$(SRCROOT)/Tuist/.build/artifacts/rive-ios/RiveRuntime",
				);
				HEADER_SEARCH_PATHS = (
					"$(inherited)",
					"$(inherited)",
					"$(SRCROOT)/Tuist/.build/checkouts/realm-core/src",
					"$(SRCROOT)/Tuist/.build/checkouts/realm-core/src/external",
					"$(SRCROOT)/Tuist/.build/checkouts/realm-core/src/external/IntelRDFPMathLib20U2/LIBRARY/src",
					"$(SRCROOT)/Tuist/.build/checkouts/realm-core/src/external/s2",
					"$(SRCROOT)/Tuist/.build/checkouts/realm-swift",
					"$(SRCROOT)/Tuist/.build/checkouts/realm-swift/include",
				);
				INFOPLIST_FILE = "Derived/InfoPlists/Palette-Info.plist";
				LD_RUNPATH_SEARCH_PATHS = (
					"$(inherited)",
					"@executable_path/Frameworks",
				);
				OTHER_CFLAGS = (
					"$(inherited)",
					"-fmodule-map-file=$(SRCROOT)/Tuist/.build/checkouts/realm-core/src/module.modulemap",
					"-fmodule-map-file=$(SRCROOT)/Tuist/.build/checkouts/realm-swift/include/module.modulemap",
					"-fmodule-map-file=$(SRCROOT)/Tuist/.build/tuist-derived/Bid/Bid.modulemap",
					"-fmodule-map-file=$(SRCROOT)/Tuist/.build/tuist-derived/s2geometry/s2geometry.modulemap",
				);
				OTHER_LDFLAGS = (
					"$(inherited)",
					"-ObjC",
				);
				OTHER_SWIFT_FLAGS = "$(inherited) -Xcc -fmodule-map-file=$(SRCROOT)/Tuist/.build/checkouts/realm-core/src/module.modulemap -Xcc -fmodule-map-file=$(SRCROOT)/Tuist/.build/checkouts/realm-swift/include/module.modulemap -Xcc -fmodule-map-file=$(SRCROOT)/Tuist/.build/tuist-derived/Bid/Bid.modulemap -Xcc -fmodule-map-file=$(SRCROOT)/Tuist/.build/tuist-derived/s2geometry/s2geometry.modulemap";
				PRODUCT_BUNDLE_IDENTIFIER = xyz.paleteapp.ios;
				PRODUCT_NAME = Palette;
				SDKROOT = iphoneos;
				SUPPORTS_MACCATALYST = NO;
				SUPPORTS_MAC_DESIGNED_FOR_IPHONE_IPAD = YES;
				SUPPORTS_XR_DESIGNED_FOR_IPHONE_IPAD = NO;
				SWIFT_COMPILATION_MODE = wholemodule;
				SWIFT_OPTIMIZATION_LEVEL = "-Owholemodule";
				SWIFT_VERSION = 5.0;
				TARGETED_DEVICE_FAMILY = "1,2";
			};
			name = Release;
		};
		6D0706434ECA19A1F13F881A /* Debug */ = {
			isa = XCBuildConfiguration;
			buildSettings = {
				ALWAYS_SEARCH_USER_PATHS = NO;
				CLANG_ANALYZER_LOCALIZABILITY_NONLOCALIZED = YES;
				CLANG_ANALYZER_NONNULL = YES;
				CLANG_ANALYZER_NUMBER_OBJECT_CONVERSION = YES_AGGRESSIVE;
				CLANG_CXX_LANGUAGE_STANDARD = "gnu++14";
				CLANG_CXX_LIBRARY = "libc++";
				CLANG_ENABLE_MODULES = YES;
				CLANG_ENABLE_OBJC_ARC = YES;
				CLANG_ENABLE_OBJC_WEAK = YES;
				CLANG_WARN_BLOCK_CAPTURE_AUTORELEASING = YES;
				CLANG_WARN_BOOL_CONVERSION = YES;
				CLANG_WARN_COMMA = YES;
				CLANG_WARN_CONSTANT_CONVERSION = YES;
				CLANG_WARN_DEPRECATED_OBJC_IMPLEMENTATIONS = YES;
				CLANG_WARN_DIRECT_OBJC_ISA_USAGE = YES_ERROR;
				CLANG_WARN_DOCUMENTATION_COMMENTS = YES;
				CLANG_WARN_EMPTY_BODY = YES;
				CLANG_WARN_ENUM_CONVERSION = YES;
				CLANG_WARN_INFINITE_RECURSION = YES;
				CLANG_WARN_INT_CONVERSION = YES;
				CLANG_WARN_NON_LITERAL_NULL_CONVERSION = YES;
				CLANG_WARN_OBJC_IMPLICIT_RETAIN_SELF = YES;
				CLANG_WARN_OBJC_LITERAL_CONVERSION = YES;
				CLANG_WARN_OBJC_ROOT_CLASS = YES_ERROR;
				CLANG_WARN_QUOTED_INCLUDE_IN_FRAMEWORK_HEADER = YES;
				CLANG_WARN_RANGE_LOOP_ANALYSIS = YES;
				CLANG_WARN_STRICT_PROTOTYPES = YES;
				CLANG_WARN_SUSPICIOUS_MOVE = YES;
				CLANG_WARN_UNGUARDED_AVAILABILITY = YES_AGGRESSIVE;
				CLANG_WARN_UNREACHABLE_CODE = YES;
				CLANG_WARN__DUPLICATE_METHOD_MATCH = YES;
				COPY_PHASE_STRIP = NO;
				DEAD_CODE_STRIPPING = YES;
				DEBUG_INFORMATION_FORMAT = dwarf;
				ENABLE_STRICT_OBJC_MSGSEND = YES;
				ENABLE_TESTABILITY = YES;
				GCC_C_LANGUAGE_STANDARD = gnu11;
				GCC_DYNAMIC_NO_PIC = NO;
				GCC_NO_COMMON_BLOCKS = YES;
				GCC_OPTIMIZATION_LEVEL = 0;
				GCC_PREPROCESSOR_DEFINITIONS = (
					"DEBUG=1",
					"$(inherited)",
				);
				GCC_WARN_64_TO_32_BIT_CONVERSION = YES;
				GCC_WARN_ABOUT_RETURN_TYPE = YES_ERROR;
				GCC_WARN_UNDECLARED_SELECTOR = YES;
				GCC_WARN_UNINITIALIZED_AUTOS = YES_AGGRESSIVE;
				GCC_WARN_UNUSED_FUNCTION = YES;
				GCC_WARN_UNUSED_VARIABLE = YES;
				MTL_ENABLE_DEBUG_INFO = YES;
				ONLY_ACTIVE_ARCH = YES;
				PRODUCT_NAME = "$(TARGET_NAME)";
			};
			name = Debug;
		};
		98EE23ED7925D2BC6B507B04 /* Debug */ = {
			isa = XCBuildConfiguration;
			buildSettings = {
				BUNDLE_LOADER = "$(TEST_HOST)";
				CODE_SIGN_IDENTITY = "iPhone Developer";
				HEADER_SEARCH_PATHS = (
					"$(inherited)",
					"$(inherited)",
					"$(SRCROOT)/Tuist/.build/checkouts/realm-core/src",
					"$(SRCROOT)/Tuist/.build/checkouts/realm-core/src/external",
					"$(SRCROOT)/Tuist/.build/checkouts/realm-core/src/external/IntelRDFPMathLib20U2/LIBRARY/src",
					"$(SRCROOT)/Tuist/.build/checkouts/realm-core/src/external/s2",
					"$(SRCROOT)/Tuist/.build/checkouts/realm-swift",
					"$(SRCROOT)/Tuist/.build/checkouts/realm-swift/include",
				);
				INFOPLIST_FILE = "Derived/InfoPlists/PaletteIosAppTests-Info.plist";
				LD_RUNPATH_SEARCH_PATHS = (
					"$(inherited)",
					"@executable_path/Frameworks",
					"@loader_path/Frameworks",
				);
				OTHER_CFLAGS = (
					"$(inherited)",
					"-fmodule-map-file=$(SRCROOT)/Tuist/.build/checkouts/realm-core/src/module.modulemap",
					"-fmodule-map-file=$(SRCROOT)/Tuist/.build/checkouts/realm-swift/include/module.modulemap",
					"-fmodule-map-file=$(SRCROOT)/Tuist/.build/tuist-derived/Bid/Bid.modulemap",
					"-fmodule-map-file=$(SRCROOT)/Tuist/.build/tuist-derived/s2geometry/s2geometry.modulemap",
				);
				OTHER_LDFLAGS = (
					"$(inherited)",
					"-ObjC",
				);
				OTHER_SWIFT_FLAGS = "$(inherited) -Xcc -fmodule-map-file=$(SRCROOT)/Tuist/.build/checkouts/realm-core/src/module.modulemap -Xcc -fmodule-map-file=$(SRCROOT)/Tuist/.build/checkouts/realm-swift/include/module.modulemap -Xcc -fmodule-map-file=$(SRCROOT)/Tuist/.build/tuist-derived/Bid/Bid.modulemap -Xcc -fmodule-map-file=$(SRCROOT)/Tuist/.build/tuist-derived/s2geometry/s2geometry.modulemap";
				PRODUCT_BUNDLE_IDENTIFIER = xyz.paleteapp.iosAppTests;
				PRODUCT_NAME = PaletteIosAppTests;
				SDKROOT = iphoneos;
				SUPPORTS_MACCATALYST = NO;
				SUPPORTS_MAC_DESIGNED_FOR_IPHONE_IPAD = YES;
				SUPPORTS_XR_DESIGNED_FOR_IPHONE_IPAD = NO;
				SWIFT_ACTIVE_COMPILATION_CONDITIONS = "$(inherited) DEBUG";
				SWIFT_COMPILATION_MODE = singlefile;
				SWIFT_OPTIMIZATION_LEVEL = "-Onone";
				SWIFT_VERSION = 5.0;
				TARGETED_DEVICE_FAMILY = "1,2";
				TEST_HOST = "$(BUILT_PRODUCTS_DIR)/Palette.app/$(BUNDLE_EXECUTABLE_FOLDER_PATH)/Palette";
				TEST_TARGET_NAME = Palette;
			};
			name = Debug;
		};
		B6EC7CE77AF9A04A07D84A5B /* Debug */ = {
			isa = XCBuildConfiguration;
			buildSettings = {
				ASSETCATALOG_COMPILER_APPICON_NAME = AppIcon;
				CODE_SIGN_IDENTITY = "iPhone Developer";
				DEVELOPMENT_TEAM = C7WGT68KHJ;
				ENABLE_PREVIEWS = YES;
				FRAMEWORK_SEARCH_PATHS = (
					"$(inherited)",
					"$(SRCROOT)/Tuist/.build/artifacts/rive-ios/RiveRuntime",
				);
				HEADER_SEARCH_PATHS = (
					"$(inherited)",
					"$(inherited)",
					"$(SRCROOT)/Tuist/.build/checkouts/realm-core/src",
					"$(SRCROOT)/Tuist/.build/checkouts/realm-core/src/external",
					"$(SRCROOT)/Tuist/.build/checkouts/realm-core/src/external/IntelRDFPMathLib20U2/LIBRARY/src",
					"$(SRCROOT)/Tuist/.build/checkouts/realm-core/src/external/s2",
					"$(SRCROOT)/Tuist/.build/checkouts/realm-swift",
					"$(SRCROOT)/Tuist/.build/checkouts/realm-swift/include",
				);
				INFOPLIST_FILE = "Derived/InfoPlists/Palette-Info.plist";
				LD_RUNPATH_SEARCH_PATHS = (
					"$(inherited)",
					"@executable_path/Frameworks",
				);
				OTHER_CFLAGS = (
					"$(inherited)",
					"-fmodule-map-file=$(SRCROOT)/Tuist/.build/checkouts/realm-core/src/module.modulemap",
					"-fmodule-map-file=$(SRCROOT)/Tuist/.build/checkouts/realm-swift/include/module.modulemap",
					"-fmodule-map-file=$(SRCROOT)/Tuist/.build/tuist-derived/Bid/Bid.modulemap",
					"-fmodule-map-file=$(SRCROOT)/Tuist/.build/tuist-derived/s2geometry/s2geometry.modulemap",
				);
				OTHER_LDFLAGS = (
					"$(inherited)",
					"-ObjC",
				);
				OTHER_SWIFT_FLAGS = "$(inherited) -Xcc -fmodule-map-file=$(SRCROOT)/Tuist/.build/checkouts/realm-core/src/module.modulemap -Xcc -fmodule-map-file=$(SRCROOT)/Tuist/.build/checkouts/realm-swift/include/module.modulemap -Xcc -fmodule-map-file=$(SRCROOT)/Tuist/.build/tuist-derived/Bid/Bid.modulemap -Xcc -fmodule-map-file=$(SRCROOT)/Tuist/.build/tuist-derived/s2geometry/s2geometry.modulemap";
				PRODUCT_BUNDLE_IDENTIFIER = xyz.paleteapp.ios;
				PRODUCT_NAME = Palette;
				SDKROOT = iphoneos;
				SUPPORTS_MACCATALYST = NO;
				SUPPORTS_MAC_DESIGNED_FOR_IPHONE_IPAD = YES;
				SUPPORTS_XR_DESIGNED_FOR_IPHONE_IPAD = NO;
				SWIFT_ACTIVE_COMPILATION_CONDITIONS = "$(inherited) DEBUG";
				SWIFT_COMPILATION_MODE = singlefile;
				SWIFT_OPTIMIZATION_LEVEL = "-Onone";
				SWIFT_VERSION = 5.0;
				TARGETED_DEVICE_FAMILY = "1,2";
			};
			name = Debug;
		};
		F04FB926BE110F2C0446BD3B /* Release */ = {
			isa = XCBuildConfiguration;
			buildSettings = {
				BUNDLE_LOADER = "$(TEST_HOST)";
				CODE_SIGN_IDENTITY = "iPhone Developer";
				HEADER_SEARCH_PATHS = (
					"$(inherited)",
					"$(inherited)",
					"$(SRCROOT)/Tuist/.build/checkouts/realm-core/src",
					"$(SRCROOT)/Tuist/.build/checkouts/realm-core/src/external",
					"$(SRCROOT)/Tuist/.build/checkouts/realm-core/src/external/IntelRDFPMathLib20U2/LIBRARY/src",
					"$(SRCROOT)/Tuist/.build/checkouts/realm-core/src/external/s2",
					"$(SRCROOT)/Tuist/.build/checkouts/realm-swift",
					"$(SRCROOT)/Tuist/.build/checkouts/realm-swift/include",
				);
				INFOPLIST_FILE = "Derived/InfoPlists/PaletteIosAppTests-Info.plist";
				LD_RUNPATH_SEARCH_PATHS = (
					"$(inherited)",
					"@executable_path/Frameworks",
					"@loader_path/Frameworks",
				);
				OTHER_CFLAGS = (
					"$(inherited)",
					"-fmodule-map-file=$(SRCROOT)/Tuist/.build/checkouts/realm-core/src/module.modulemap",
					"-fmodule-map-file=$(SRCROOT)/Tuist/.build/checkouts/realm-swift/include/module.modulemap",
					"-fmodule-map-file=$(SRCROOT)/Tuist/.build/tuist-derived/Bid/Bid.modulemap",
					"-fmodule-map-file=$(SRCROOT)/Tuist/.build/tuist-derived/s2geometry/s2geometry.modulemap",
				);
				OTHER_LDFLAGS = (
					"$(inherited)",
					"-ObjC",
				);
				OTHER_SWIFT_FLAGS = "$(inherited) -Xcc -fmodule-map-file=$(SRCROOT)/Tuist/.build/checkouts/realm-core/src/module.modulemap -Xcc -fmodule-map-file=$(SRCROOT)/Tuist/.build/checkouts/realm-swift/include/module.modulemap -Xcc -fmodule-map-file=$(SRCROOT)/Tuist/.build/tuist-derived/Bid/Bid.modulemap -Xcc -fmodule-map-file=$(SRCROOT)/Tuist/.build/tuist-derived/s2geometry/s2geometry.modulemap";
				PRODUCT_BUNDLE_IDENTIFIER = xyz.paleteapp.iosAppTests;
				PRODUCT_NAME = PaletteIosAppTests;
				SDKROOT = iphoneos;
				SUPPORTS_MACCATALYST = NO;
				SUPPORTS_MAC_DESIGNED_FOR_IPHONE_IPAD = YES;
				SUPPORTS_XR_DESIGNED_FOR_IPHONE_IPAD = NO;
				SWIFT_COMPILATION_MODE = wholemodule;
				SWIFT_OPTIMIZATION_LEVEL = "-Owholemodule";
				SWIFT_VERSION = 5.0;
				TARGETED_DEVICE_FAMILY = "1,2";
				TEST_HOST = "$(BUILT_PRODUCTS_DIR)/Palette.app/$(BUNDLE_EXECUTABLE_FOLDER_PATH)/Palette";
				TEST_TARGET_NAME = Palette;
			};
			name = Release;
		};
		F5F8760F42C19EF74EEE44F3 /* Release */ = {
			isa = XCBuildConfiguration;
			buildSettings = {
				ALWAYS_SEARCH_USER_PATHS = NO;
				CLANG_ANALYZER_LOCALIZABILITY_NONLOCALIZED = YES;
				CLANG_ANALYZER_NONNULL = YES;
				CLANG_ANALYZER_NUMBER_OBJECT_CONVERSION = YES_AGGRESSIVE;
				CLANG_CXX_LANGUAGE_STANDARD = "gnu++14";
				CLANG_CXX_LIBRARY = "libc++";
				CLANG_ENABLE_MODULES = YES;
				CLANG_ENABLE_OBJC_ARC = YES;
				CLANG_ENABLE_OBJC_WEAK = YES;
				CLANG_WARN_BLOCK_CAPTURE_AUTORELEASING = YES;
				CLANG_WARN_BOOL_CONVERSION = YES;
				CLANG_WARN_COMMA = YES;
				CLANG_WARN_CONSTANT_CONVERSION = YES;
				CLANG_WARN_DEPRECATED_OBJC_IMPLEMENTATIONS = YES;
				CLANG_WARN_DIRECT_OBJC_ISA_USAGE = YES_ERROR;
				CLANG_WARN_DOCUMENTATION_COMMENTS = YES;
				CLANG_WARN_EMPTY_BODY = YES;
				CLANG_WARN_ENUM_CONVERSION = YES;
				CLANG_WARN_INFINITE_RECURSION = YES;
				CLANG_WARN_INT_CONVERSION = YES;
				CLANG_WARN_NON_LITERAL_NULL_CONVERSION = YES;
				CLANG_WARN_OBJC_IMPLICIT_RETAIN_SELF = YES;
				CLANG_WARN_OBJC_LITERAL_CONVERSION = YES;
				CLANG_WARN_OBJC_ROOT_CLASS = YES_ERROR;
				CLANG_WARN_QUOTED_INCLUDE_IN_FRAMEWORK_HEADER = YES;
				CLANG_WARN_RANGE_LOOP_ANALYSIS = YES;
				CLANG_WARN_STRICT_PROTOTYPES = YES;
				CLANG_WARN_SUSPICIOUS_MOVE = YES;
				CLANG_WARN_UNGUARDED_AVAILABILITY = YES_AGGRESSIVE;
				CLANG_WARN_UNREACHABLE_CODE = YES;
				CLANG_WARN__DUPLICATE_METHOD_MATCH = YES;
				COPY_PHASE_STRIP = NO;
				DEAD_CODE_STRIPPING = YES;
				DEBUG_INFORMATION_FORMAT = "dwarf-with-dsym";
				ENABLE_NS_ASSERTIONS = NO;
				ENABLE_STRICT_OBJC_MSGSEND = YES;
				GCC_C_LANGUAGE_STANDARD = gnu11;
				GCC_NO_COMMON_BLOCKS = YES;
				GCC_WARN_64_TO_32_BIT_CONVERSION = YES;
				GCC_WARN_ABOUT_RETURN_TYPE = YES_ERROR;
				GCC_WARN_UNDECLARED_SELECTOR = YES;
				GCC_WARN_UNINITIALIZED_AUTOS = YES_AGGRESSIVE;
				GCC_WARN_UNUSED_FUNCTION = YES;
				GCC_WARN_UNUSED_VARIABLE = YES;
				MTL_ENABLE_DEBUG_INFO = NO;
				PRODUCT_NAME = "$(TARGET_NAME)";
				VALIDATE_PRODUCT = YES;
			};
			name = Release;
		};
/* End XCBuildConfiguration section */

/* Begin XCConfigurationList section */
		1B793E3CFB462066E136F902 /* Build configuration list for PBXNativeTarget "PaletteIosAppTests" */ = {
			isa = XCConfigurationList;
			buildConfigurations = (
				98EE23ED7925D2BC6B507B04 /* Debug */,
				F04FB926BE110F2C0446BD3B /* Release */,
			);
			defaultConfigurationIsVisible = 0;
			defaultConfigurationName = Release;
		};
		662FB463C984E4A75C12092A /* Build configuration list for PBXProject "Palette" */ = {
			isa = XCConfigurationList;
			buildConfigurations = (
				6D0706434ECA19A1F13F881A /* Debug */,
				F5F8760F42C19EF74EEE44F3 /* Release */,
			);
			defaultConfigurationIsVisible = 0;
			defaultConfigurationName = Release;
		};
		A3D5AC5051764D4B2B6ACB99 /* Build configuration list for PBXNativeTarget "Palette" */ = {
			isa = XCConfigurationList;
			buildConfigurations = (
				B6EC7CE77AF9A04A07D84A5B /* Debug */,
				403F37ED4B68A17461EDEE07 /* Release */,
			);
			defaultConfigurationIsVisible = 0;
			defaultConfigurationName = Release;
		};
/* End XCConfigurationList section */
	};
	rootObject = F630E7FDF972E3F482ABC0C1 /* Project object */;
}
